
Microsoft Visual Studio Solution File, Format Version 12.00
# Visual Studio Version 18
VisualStudioVersion = 18.0.11217.181
MinimumVisualStudioVersion = 10.0.40219.1
Project("{2150E333-8FDC-42A3-9474-1A3956D46DE8}") = "src", "src", "{827E0CD3-B72D-47B6-A68D-7590B98EB39B}"
EndProject
Project("{FAE04EC0-301F-11D3-BF4B-00C04F79EFBC}") = "Saphira.Core", "src\Saphira.Core\Saphira.Core.csproj", "{59E1F3E5-8C2A-41EA-8A57-0BBCDA3E616B}"
EndProject
Project("{FAE04EC0-301F-11D3-BF4B-00C04F79EFBC}") = "Saphira.Saphi", "src\Saphira.Saphi\Saphira.Saphi.csproj", "{BF567ECC-7606-4A39-AD71-03B55818249F}"
EndProject
Project("{FAE04EC0-301F-11D3-BF4B-00C04F79EFBC}") = "Saphira.Discord", "src\Saphira.Discord\Saphira.Discord.csproj", "{72E5C233-1499-4EEE-9C9C-340B17EFCC44}"
EndProject
Project("{FAE04EC0-301F-11D3-BF4B-00C04F79EFBC}") = "Saphira", "src\Saphira\Saphira.csproj", "{75D833A1-3E9B-499D-B43B-C15913AA8F85}"
EndProject
Project("{FAE04EC0-301F-11D3-BF4B-00C04F79EFBC}") = "Saphira.Util", "src\Saphira.Util\Saphira.Util.csproj", "{B60C7222-6BBF-4D64-82F1-FAE040EA3305}"
EndProject
Project("{FAE04EC0-301F-11D3-BF4B-00C04F79EFBC}") = "Saphira.Core.Extensions", "src\Saphira.Core.Extensions\Saphira.Core.Extensions.csproj", "{5D3A78CA-C5FE-4F47-A226-C0F6EE1A69C0}"
EndProject
Project("{FAE04EC0-301F-11D3-BF4B-00C04F79EFBC}") = "Saphira.Discord.Logging", "src\Saphira.Discord.Logging\Saphira.Discord.Logging.csproj", "{6365A215-B6FC-40F7-81C5-E09A27EC604C}"
EndProject
Project("{FAE04EC0-301F-11D3-BF4B-00C04F79EFBC}") = "Saphira.Discord.Messaging", "src\Saphira.Discord.Messaging\Saphira.Discord.Messaging.csproj", "{98876265-359A-4A5E-B729-0DD63C6D8E51}"
EndProject
Project("{FAE04EC0-301F-11D3-BF4B-00C04F79EFBC}") = "Saphira.Discord.Interaction", "src\Saphira.Discord.Interaction\Saphira.Discord.Interaction.csproj", "{5322A243-964C-4477-A4C3-113BFD84539B}"
EndProject
Project("{FAE04EC0-301F-11D3-BF4B-00C04F79EFBC}") = "Saphira.Discord.Cronjob", "src\Saphira.Discord.Cronjob\Saphira.Discord.Cronjob.csproj", "{05EC8B28-69CD-4B74-B0DE-0CEBB7179B53}"
EndProject
Project("{FAE04EC0-301F-11D3-BF4B-00C04F79EFBC}") = "Saphira.Discord.Event", "src\Saphira.Discord.Event\Saphira.Discord.Event.csproj", "{B1A49D59-CC5E-45EB-8CD1-1182C6D11F7D}"
EndProject
Project("{FAE04EC0-301F-11D3-BF4B-00C04F79EFBC}") = "Saphira.Saphi.Entity", "src\Saphira.Saphi.Entity\Saphira.Saphi.Entity.csproj", "{9CFD5511-6C35-778C-375B-D8065EB2D251}"
EndProject
Project("{FAE04EC0-301F-11D3-BF4B-00C04F79EFBC}") = "Saphira.Core.Security", "src\Saphira.Core.Security\Saphira.Core.Security.csproj", "{D4B17445-D01A-49AA-B158-102F0430F3C5}"
EndProject
Global
	GlobalSection(SolutionConfigurationPlatforms) = preSolution
		Debug|Any CPU = Debug|Any CPU
		Debug|x64 = Debug|x64
		Debug|x86 = Debug|x86
		Release|Any CPU = Release|Any CPU
		Release|x64 = Release|x64
		Release|x86 = Release|x86
	EndGlobalSection
	GlobalSection(ProjectConfigurationPlatforms) = postSolution
		{59E1F3E5-8C2A-41EA-8A57-0BBCDA3E616B}.Debug|Any CPU.ActiveCfg = Debug|Any CPU
		{59E1F3E5-8C2A-41EA-8A57-0BBCDA3E616B}.Debug|Any CPU.Build.0 = Debug|Any CPU
		{59E1F3E5-8C2A-41EA-8A57-0BBCDA3E616B}.Debug|x64.ActiveCfg = Debug|Any CPU
		{59E1F3E5-8C2A-41EA-8A57-0BBCDA3E616B}.Debug|x64.Build.0 = Debug|Any CPU
		{59E1F3E5-8C2A-41EA-8A57-0BBCDA3E616B}.Debug|x86.ActiveCfg = Debug|Any CPU
		{59E1F3E5-8C2A-41EA-8A57-0BBCDA3E616B}.Debug|x86.Build.0 = Debug|Any CPU
		{59E1F3E5-8C2A-41EA-8A57-0BBCDA3E616B}.Release|Any CPU.ActiveCfg = Release|Any CPU
		{59E1F3E5-8C2A-41EA-8A57-0BBCDA3E616B}.Release|Any CPU.Build.0 = Release|Any CPU
		{59E1F3E5-8C2A-41EA-8A57-0BBCDA3E616B}.Release|x64.ActiveCfg = Release|Any CPU
		{59E1F3E5-8C2A-41EA-8A57-0BBCDA3E616B}.Release|x64.Build.0 = Release|Any CPU
		{59E1F3E5-8C2A-41EA-8A57-0BBCDA3E616B}.Release|x86.ActiveCfg = Release|Any CPU
		{59E1F3E5-8C2A-41EA-8A57-0BBCDA3E616B}.Release|x86.Build.0 = Release|Any CPU
		{BF567ECC-7606-4A39-AD71-03B55818249F}.Debug|Any CPU.ActiveCfg = Debug|Any CPU
		{BF567ECC-7606-4A39-AD71-03B55818249F}.Debug|Any CPU.Build.0 = Debug|Any CPU
		{BF567ECC-7606-4A39-AD71-03B55818249F}.Debug|x64.ActiveCfg = Debug|Any CPU
		{BF567ECC-7606-4A39-AD71-03B55818249F}.Debug|x64.Build.0 = Debug|Any CPU
		{BF567ECC-7606-4A39-AD71-03B55818249F}.Debug|x86.ActiveCfg = Debug|Any CPU
		{BF567ECC-7606-4A39-AD71-03B55818249F}.Debug|x86.Build.0 = Debug|Any CPU
		{BF567ECC-7606-4A39-AD71-03B55818249F}.Release|Any CPU.ActiveCfg = Release|Any CPU
		{BF567ECC-7606-4A39-AD71-03B55818249F}.Release|Any CPU.Build.0 = Release|Any CPU
		{BF567ECC-7606-4A39-AD71-03B55818249F}.Release|x64.ActiveCfg = Release|Any CPU
		{BF567ECC-7606-4A39-AD71-03B55818249F}.Release|x64.Build.0 = Release|Any CPU
		{BF567ECC-7606-4A39-AD71-03B55818249F}.Release|x86.ActiveCfg = Release|Any CPU
		{BF567ECC-7606-4A39-AD71-03B55818249F}.Release|x86.Build.0 = Release|Any CPU
		{72E5C233-1499-4EEE-9C9C-340B17EFCC44}.Debug|Any CPU.ActiveCfg = Debug|Any CPU
		{72E5C233-1499-4EEE-9C9C-340B17EFCC44}.Debug|Any CPU.Build.0 = Debug|Any CPU
		{72E5C233-1499-4EEE-9C9C-340B17EFCC44}.Debug|x64.ActiveCfg = Debug|Any CPU
		{72E5C233-1499-4EEE-9C9C-340B17EFCC44}.Debug|x64.Build.0 = Debug|Any CPU
		{72E5C233-1499-4EEE-9C9C-340B17EFCC44}.Debug|x86.ActiveCfg = Debug|Any CPU
		{72E5C233-1499-4EEE-9C9C-340B17EFCC44}.Debug|x86.Build.0 = Debug|Any CPU
		{72E5C233-1499-4EEE-9C9C-340B17EFCC44}.Release|Any CPU.ActiveCfg = Release|Any CPU
		{72E5C233-1499-4EEE-9C9C-340B17EFCC44}.Release|Any CPU.Build.0 = Release|Any CPU
		{72E5C233-1499-4EEE-9C9C-340B17EFCC44}.Release|x64.ActiveCfg = Release|Any CPU
		{72E5C233-1499-4EEE-9C9C-340B17EFCC44}.Release|x64.Build.0 = Release|Any CPU
		{72E5C233-1499-4EEE-9C9C-340B17EFCC44}.Release|x86.ActiveCfg = Release|Any CPU
		{72E5C233-1499-4EEE-9C9C-340B17EFCC44}.Release|x86.Build.0 = Release|Any CPU
		{75D833A1-3E9B-499D-B43B-C15913AA8F85}.Debug|Any CPU.ActiveCfg = Debug|Any CPU
		{75D833A1-3E9B-499D-B43B-C15913AA8F85}.Debug|Any CPU.Build.0 = Debug|Any CPU
		{75D833A1-3E9B-499D-B43B-C15913AA8F85}.Debug|x64.ActiveCfg = Debug|Any CPU
		{75D833A1-3E9B-499D-B43B-C15913AA8F85}.Debug|x64.Build.0 = Debug|Any CPU
		{75D833A1-3E9B-499D-B43B-C15913AA8F85}.Debug|x86.ActiveCfg = Debug|Any CPU
		{75D833A1-3E9B-499D-B43B-C15913AA8F85}.Debug|x86.Build.0 = Debug|Any CPU
		{75D833A1-3E9B-499D-B43B-C15913AA8F85}.Release|Any CPU.ActiveCfg = Release|Any CPU
		{75D833A1-3E9B-499D-B43B-C15913AA8F85}.Release|Any CPU.Build.0 = Release|Any CPU
		{75D833A1-3E9B-499D-B43B-C15913AA8F85}.Release|x64.ActiveCfg = Release|Any CPU
		{75D833A1-3E9B-499D-B43B-C15913AA8F85}.Release|x64.Build.0 = Release|Any CPU
		{75D833A1-3E9B-499D-B43B-C15913AA8F85}.Release|x86.ActiveCfg = Release|Any CPU
		{75D833A1-3E9B-499D-B43B-C15913AA8F85}.Release|x86.Build.0 = Release|Any CPU
		{B60C7222-6BBF-4D64-82F1-FAE040EA3305}.Debug|Any CPU.ActiveCfg = Debug|Any CPU
		{B60C7222-6BBF-4D64-82F1-FAE040EA3305}.Debug|Any CPU.Build.0 = Debug|Any CPU
		{B60C7222-6BBF-4D64-82F1-FAE040EA3305}.Debug|x64.ActiveCfg = Debug|Any CPU
		{B60C7222-6BBF-4D64-82F1-FAE040EA3305}.Debug|x64.Build.0 = Debug|Any CPU
		{B60C7222-6BBF-4D64-82F1-FAE040EA3305}.Debug|x86.ActiveCfg = Debug|Any CPU
		{B60C7222-6BBF-4D64-82F1-FAE040EA3305}.Debug|x86.Build.0 = Debug|Any CPU
		{B60C7222-6BBF-4D64-82F1-FAE040EA3305}.Release|Any CPU.ActiveCfg = Release|Any CPU
		{B60C7222-6BBF-4D64-82F1-FAE040EA3305}.Release|Any CPU.Build.0 = Release|Any CPU
		{B60C7222-6BBF-4D64-82F1-FAE040EA3305}.Release|x64.ActiveCfg = Release|Any CPU
		{B60C7222-6BBF-4D64-82F1-FAE040EA3305}.Release|x64.Build.0 = Release|Any CPU
		{B60C7222-6BBF-4D64-82F1-FAE040EA3305}.Release|x86.ActiveCfg = Release|Any CPU
		{B60C7222-6BBF-4D64-82F1-FAE040EA3305}.Release|x86.Build.0 = Release|Any CPU
		{5D3A78CA-C5FE-4F47-A226-C0F6EE1A69C0}.Debug|Any CPU.ActiveCfg = Debug|Any CPU
		{5D3A78CA-C5FE-4F47-A226-C0F6EE1A69C0}.Debug|Any CPU.Build.0 = Debug|Any CPU
		{5D3A78CA-C5FE-4F47-A226-C0F6EE1A69C0}.Debug|x64.ActiveCfg = Debug|Any CPU
		{5D3A78CA-C5FE-4F47-A226-C0F6EE1A69C0}.Debug|x64.Build.0 = Debug|Any CPU
		{5D3A78CA-C5FE-4F47-A226-C0F6EE1A69C0}.Debug|x86.ActiveCfg = Debug|Any CPU
		{5D3A78CA-C5FE-4F47-A226-C0F6EE1A69C0}.Debug|x86.Build.0 = Debug|Any CPU
		{5D3A78CA-C5FE-4F47-A226-C0F6EE1A69C0}.Release|Any CPU.ActiveCfg = Release|Any CPU
		{5D3A78CA-C5FE-4F47-A226-C0F6EE1A69C0}.Release|Any CPU.Build.0 = Release|Any CPU
		{5D3A78CA-C5FE-4F47-A226-C0F6EE1A69C0}.Release|x64.ActiveCfg = Release|Any CPU
		{5D3A78CA-C5FE-4F47-A226-C0F6EE1A69C0}.Release|x64.Build.0 = Release|Any CPU
		{5D3A78CA-C5FE-4F47-A226-C0F6EE1A69C0}.Release|x86.ActiveCfg = Release|Any CPU
		{5D3A78CA-C5FE-4F47-A226-C0F6EE1A69C0}.Release|x86.Build.0 = Release|Any CPU
		{6365A215-B6FC-40F7-81C5-E09A27EC604C}.Debug|Any CPU.ActiveCfg = Debug|Any CPU
		{6365A215-B6FC-40F7-81C5-E09A27EC604C}.Debug|Any CPU.Build.0 = Debug|Any CPU
		{6365A215-B6FC-40F7-81C5-E09A27EC604C}.Debug|x64.ActiveCfg = Debug|Any CPU
		{6365A215-B6FC-40F7-81C5-E09A27EC604C}.Debug|x64.Build.0 = Debug|Any CPU
		{6365A215-B6FC-40F7-81C5-E09A27EC604C}.Debug|x86.ActiveCfg = Debug|Any CPU
		{6365A215-B6FC-40F7-81C5-E09A27EC604C}.Debug|x86.Build.0 = Debug|Any CPU
		{6365A215-B6FC-40F7-81C5-E09A27EC604C}.Release|Any CPU.ActiveCfg = Release|Any CPU
		{6365A215-B6FC-40F7-81C5-E09A27EC604C}.Release|Any CPU.Build.0 = Release|Any CPU
		{6365A215-B6FC-40F7-81C5-E09A27EC604C}.Release|x64.ActiveCfg = Release|Any CPU
		{6365A215-B6FC-40F7-81C5-E09A27EC604C}.Release|x64.Build.0 = Release|Any CPU
		{6365A215-B6FC-40F7-81C5-E09A27EC604C}.Release|x86.ActiveCfg = Release|Any CPU
		{6365A215-B6FC-40F7-81C5-E09A27EC604C}.Release|x86.Build.0 = Release|Any CPU
		{98876265-359A-4A5E-B729-0DD63C6D8E51}.Debug|Any CPU.ActiveCfg = Debug|Any CPU
		{98876265-359A-4A5E-B729-0DD63C6D8E51}.Debug|Any CPU.Build.0 = Debug|Any CPU
		{98876265-359A-4A5E-B729-0DD63C6D8E51}.Debug|x64.ActiveCfg = Debug|Any CPU
		{98876265-359A-4A5E-B729-0DD63C6D8E51}.Debug|x64.Build.0 = Debug|Any CPU
		{98876265-359A-4A5E-B729-0DD63C6D8E51}.Debug|x86.ActiveCfg = Debug|Any CPU
		{98876265-359A-4A5E-B729-0DD63C6D8E51}.Debug|x86.Build.0 = Debug|Any CPU
		{98876265-359A-4A5E-B729-0DD63C6D8E51}.Release|Any CPU.ActiveCfg = Release|Any CPU
		{98876265-359A-4A5E-B729-0DD63C6D8E51}.Release|Any CPU.Build.0 = Release|Any CPU
		{98876265-359A-4A5E-B729-0DD63C6D8E51}.Release|x64.ActiveCfg = Release|Any CPU
		{98876265-359A-4A5E-B729-0DD63C6D8E51}.Release|x64.Build.0 = Release|Any CPU
		{98876265-359A-4A5E-B729-0DD63C6D8E51}.Release|x86.ActiveCfg = Release|Any CPU
		{98876265-359A-4A5E-B729-0DD63C6D8E51}.Release|x86.Build.0 = Release|Any CPU
		{5322A243-964C-4477-A4C3-113BFD84539B}.Debug|Any CPU.ActiveCfg = Debug|Any CPU
		{5322A243-964C-4477-A4C3-113BFD84539B}.Debug|Any CPU.Build.0 = Debug|Any CPU
		{5322A243-964C-4477-A4C3-113BFD84539B}.Debug|x64.ActiveCfg = Debug|Any CPU
		{5322A243-964C-4477-A4C3-113BFD84539B}.Debug|x64.Build.0 = Debug|Any CPU
		{5322A243-964C-4477-A4C3-113BFD84539B}.Debug|x86.ActiveCfg = Debug|Any CPU
		{5322A243-964C-4477-A4C3-113BFD84539B}.Debug|x86.Build.0 = Debug|Any CPU
		{5322A243-964C-4477-A4C3-113BFD84539B}.Release|Any CPU.ActiveCfg = Release|Any CPU
		{5322A243-964C-4477-A4C3-113BFD84539B}.Release|Any CPU.Build.0 = Release|Any CPU
		{5322A243-964C-4477-A4C3-113BFD84539B}.Release|x64.ActiveCfg = Release|Any CPU
		{5322A243-964C-4477-A4C3-113BFD84539B}.Release|x64.Build.0 = Release|Any CPU
		{5322A243-964C-4477-A4C3-113BFD84539B}.Release|x86.ActiveCfg = Release|Any CPU
		{5322A243-964C-4477-A4C3-113BFD84539B}.Release|x86.Build.0 = Release|Any CPU
		{05EC8B28-69CD-4B74-B0DE-0CEBB7179B53}.Debug|Any CPU.ActiveCfg = Debug|Any CPU
		{05EC8B28-69CD-4B74-B0DE-0CEBB7179B53}.Debug|Any CPU.Build.0 = Debug|Any CPU
		{05EC8B28-69CD-4B74-B0DE-0CEBB7179B53}.Debug|x64.ActiveCfg = Debug|Any CPU
		{05EC8B28-69CD-4B74-B0DE-0CEBB7179B53}.Debug|x64.Build.0 = Debug|Any CPU
		{05EC8B28-69CD-4B74-B0DE-0CEBB7179B53}.Debug|x86.ActiveCfg = Debug|Any CPU
		{05EC8B28-69CD-4B74-B0DE-0CEBB7179B53}.Debug|x86.Build.0 = Debug|Any CPU
		{05EC8B28-69CD-4B74-B0DE-0CEBB7179B53}.Release|Any CPU.ActiveCfg = Release|Any CPU
		{05EC8B28-69CD-4B74-B0DE-0CEBB7179B53}.Release|Any CPU.Build.0 = Release|Any CPU
		{05EC8B28-69CD-4B74-B0DE-0CEBB7179B53}.Release|x64.ActiveCfg = Release|Any CPU
		{05EC8B28-69CD-4B74-B0DE-0CEBB7179B53}.Release|x64.Build.0 = Release|Any CPU
		{05EC8B28-69CD-4B74-B0DE-0CEBB7179B53}.Release|x86.ActiveCfg = Release|Any CPU
		{05EC8B28-69CD-4B74-B0DE-0CEBB7179B53}.Release|x86.Build.0 = Release|Any CPU
		{B1A49D59-CC5E-45EB-8CD1-1182C6D11F7D}.Debug|Any CPU.ActiveCfg = Debug|Any CPU
		{B1A49D59-CC5E-45EB-8CD1-1182C6D11F7D}.Debug|Any CPU.Build.0 = Debug|Any CPU
		{B1A49D59-CC5E-45EB-8CD1-1182C6D11F7D}.Debug|x64.ActiveCfg = Debug|Any CPU
		{B1A49D59-CC5E-45EB-8CD1-1182C6D11F7D}.Debug|x64.Build.0 = Debug|Any CPU
		{B1A49D59-CC5E-45EB-8CD1-1182C6D11F7D}.Debug|x86.ActiveCfg = Debug|Any CPU
		{B1A49D59-CC5E-45EB-8CD1-1182C6D11F7D}.Debug|x86.Build.0 = Debug|Any CPU
		{B1A49D59-CC5E-45EB-8CD1-1182C6D11F7D}.Release|Any CPU.ActiveCfg = Release|Any CPU
		{B1A49D59-CC5E-45EB-8CD1-1182C6D11F7D}.Release|Any CPU.Build.0 = Release|Any CPU
		{B1A49D59-CC5E-45EB-8CD1-1182C6D11F7D}.Release|x64.ActiveCfg = Release|Any CPU
		{B1A49D59-CC5E-45EB-8CD1-1182C6D11F7D}.Release|x64.Build.0 = Release|Any CPU
		{B1A49D59-CC5E-45EB-8CD1-1182C6D11F7D}.Release|x86.ActiveCfg = Release|Any CPU
		{B1A49D59-CC5E-45EB-8CD1-1182C6D11F7D}.Release|x86.Build.0 = Release|Any CPU
		{9CFD5511-6C35-778C-375B-D8065EB2D251}.Debug|Any CPU.ActiveCfg = Debug|Any CPU
		{9CFD5511-6C35-778C-375B-D8065EB2D251}.Debug|Any CPU.Build.0 = Debug|Any CPU
		{9CFD5511-6C35-778C-375B-D8065EB2D251}.Debug|x64.ActiveCfg = Debug|Any CPU
		{9CFD5511-6C35-778C-375B-D8065EB2D251}.Debug|x64.Build.0 = Debug|Any CPU
		{9CFD5511-6C35-778C-375B-D8065EB2D251}.Debug|x86.ActiveCfg = Debug|Any CPU
		{9CFD5511-6C35-778C-375B-D8065EB2D251}.Debug|x86.Build.0 = Debug|Any CPU
		{9CFD5511-6C35-778C-375B-D8065EB2D251}.Release|Any CPU.ActiveCfg = Release|Any CPU
		{9CFD5511-6C35-778C-375B-D8065EB2D251}.Release|Any CPU.Build.0 = Release|Any CPU
		{9CFD5511-6C35-778C-375B-D8065EB2D251}.Release|x64.ActiveCfg = Release|Any CPU
		{9CFD5511-6C35-778C-375B-D8065EB2D251}.Release|x64.Build.0 = Release|Any CPU
		{9CFD5511-6C35-778C-375B-D8065EB2D251}.Release|x86.ActiveCfg = Release|Any CPU
		{9CFD5511-6C35-778C-375B-D8065EB2D251}.Release|x86.Build.0 = Release|Any CPU
		{D4B17445-D01A-49AA-B158-102F0430F3C5}.Debug|Any CPU.ActiveCfg = Debug|Any CPU
		{D4B17445-D01A-49AA-B158-102F0430F3C5}.Debug|Any CPU.Build.0 = Debug|Any CPU
		{D4B17445-D01A-49AA-B158-102F0430F3C5}.Debug|x64.ActiveCfg = Debug|Any CPU
		{D4B17445-D01A-49AA-B158-102F0430F3C5}.Debug|x64.Build.0 = Debug|Any CPU
		{D4B17445-D01A-49AA-B158-102F0430F3C5}.Debug|x86.ActiveCfg = Debug|Any CPU
		{D4B17445-D01A-49AA-B158-102F0430F3C5}.Debug|x86.Build.0 = Debug|Any CPU
		{D4B17445-D01A-49AA-B158-102F0430F3C5}.Release|Any CPU.ActiveCfg = Release|Any CPU
		{D4B17445-D01A-49AA-B158-102F0430F3C5}.Release|Any CPU.Build.0 = Release|Any CPU
		{D4B17445-D01A-49AA-B158-102F0430F3C5}.Release|x64.ActiveCfg = Release|Any CPU
		{D4B17445-D01A-49AA-B158-102F0430F3C5}.Release|x64.Build.0 = Release|Any CPU
		{D4B17445-D01A-49AA-B158-102F0430F3C5}.Release|x86.ActiveCfg = Release|Any CPU
		{D4B17445-D01A-49AA-B158-102F0430F3C5}.Release|x86.Build.0 = Release|Any CPU
	EndGlobalSection
	GlobalSection(SolutionProperties) = preSolution
		HideSolutionNode = FALSE
	EndGlobalSection
	GlobalSection(NestedProjects) = preSolution
		{59E1F3E5-8C2A-41EA-8A57-0BBCDA3E616B} = {827E0CD3-B72D-47B6-A68D-7590B98EB39B}
		{BF567ECC-7606-4A39-AD71-03B55818249F} = {827E0CD3-B72D-47B6-A68D-7590B98EB39B}
		{72E5C233-1499-4EEE-9C9C-340B17EFCC44} = {827E0CD3-B72D-47B6-A68D-7590B98EB39B}
		{75D833A1-3E9B-499D-B43B-C15913AA8F85} = {827E0CD3-B72D-47B6-A68D-7590B98EB39B}
		{B60C7222-6BBF-4D64-82F1-FAE040EA3305} = {827E0CD3-B72D-47B6-A68D-7590B98EB39B}
		{5D3A78CA-C5FE-4F47-A226-C0F6EE1A69C0} = {827E0CD3-B72D-47B6-A68D-7590B98EB39B}
		{6365A215-B6FC-40F7-81C5-E09A27EC604C} = {827E0CD3-B72D-47B6-A68D-7590B98EB39B}
		{98876265-359A-4A5E-B729-0DD63C6D8E51} = {827E0CD3-B72D-47B6-A68D-7590B98EB39B}
		{5322A243-964C-4477-A4C3-113BFD84539B} = {827E0CD3-B72D-47B6-A68D-7590B98EB39B}
		{05EC8B28-69CD-4B74-B0DE-0CEBB7179B53} = {827E0CD3-B72D-47B6-A68D-7590B98EB39B}
		{B1A49D59-CC5E-45EB-8CD1-1182C6D11F7D} = {827E0CD3-B72D-47B6-A68D-7590B98EB39B}
		{9CFD5511-6C35-778C-375B-D8065EB2D251} = {827E0CD3-B72D-47B6-A68D-7590B98EB39B}
		{D4B17445-D01A-49AA-B158-102F0430F3C5} = {827E0CD3-B72D-47B6-A68D-7590B98EB39B}
	EndGlobalSection
	GlobalSection(ExtensibilityGlobals) = postSolution
		SolutionGuid = {F2BC7EFE-7EB2-4D0C-A4FE-ADACAC517145}
	EndGlobalSection
EndGlobal
