
Microsoft Visual Studio Solution File, Format Version 12.00
# Visual Studio Version 18
VisualStudioVersion = 18.0.11217.181
MinimumVisualStudioVersion = 10.0.40219.1
Project("{2150E333-8FDC-42A3-9474-1A3956D46DE8}") = "src", "src", "{827E0CD3-B72D-47B6-A68D-7590B98EB39B}"
EndProject
Project("{FAE04EC0-301F-11D3-BF4B-00C04F79EFBC}") = "Saphira.Core", "src\Saphira.Core\Saphira.Core.csproj", "{59E1F3E5-8C2A-41EA-8A57-0BBCDA3E616B}"
EndProject
Project("{FAE04EC0-301F-11D3-BF4B-00C04F79EFBC}") = "Saphira.Saphi.Core", "src\Saphira.Saphi.Core\Saphira.Saphi.Core.csproj", "{BF567ECC-7606-4A39-AD71-03B55818249F}"
EndProject
Project("{FAE04EC0-301F-11D3-BF4B-00C04F79EFBC}") = "Saphira.Discord", "src\Saphira.Discord\Saphira.Discord.csproj", "{72E5C233-1499-4EEE-9C9C-340B17EFCC44}"
EndProject
Project("{FAE04EC0-301F-11D3-BF4B-00C04F79EFBC}") = "Saphira", "src\Saphira\Saphira.csproj", "{75D833A1-3E9B-499D-B43B-C15913AA8F85}"
EndProject
Project("{FAE04EC0-301F-11D3-BF4B-00C04F79EFBC}") = "Saphira.Discord.Interaction", "src\Saphira.Discord.Interaction\Saphira.Discord.Interaction.csproj", "{5322A243-964C-4477-A4C3-113BFD84539B}"
EndProject
Project("{FAE04EC0-301F-11D3-BF4B-00C04F79EFBC}") = "Saphira.Discord.Core", "src\Saphira.Discord.Core\Saphira.Discord.Core.csproj", "{2FC3F40C-0C90-4EEC-B788-79BB4C59B842}"
EndProject
Project("{FAE04EC0-301F-11D3-BF4B-00C04F79EFBC}") = "Saphira.Saphi.Api", "src\Saphira.Saphi.Api\Saphira.Saphi.Api.csproj", "{A18003B9-80F9-43DA-AD3E-3F4B20205499}"
EndProject
Project("{FAE04EC0-301F-11D3-BF4B-00C04F79EFBC}") = "Saphira.Saphi.Interaction", "src\Saphira.Saphi.Interaction\Saphira.Saphi.Interaction.csproj", "{AA17BA62-5E54-4BC8-B005-4D9E516B6989}"
EndProject
Global
	GlobalSection(SolutionConfigurationPlatforms) = preSolution
		Debug|Any CPU = Debug|Any CPU
		Debug|x64 = Debug|x64
		Debug|x86 = Debug|x86
		Release|Any CPU = Release|Any CPU
		Release|x64 = Release|x64
		Release|x86 = Release|x86
	EndGlobalSection
	GlobalSection(ProjectConfigurationPlatforms) = postSolution
		{59E1F3E5-8C2A-41EA-8A57-0BBCDA3E616B}.Debug|Any CPU.ActiveCfg = Debug|Any CPU
		{59E1F3E5-8C2A-41EA-8A57-0BBCDA3E616B}.Debug|Any CPU.Build.0 = Debug|Any CPU
		{59E1F3E5-8C2A-41EA-8A57-0BBCDA3E616B}.Debug|x64.ActiveCfg = Debug|Any CPU
		{59E1F3E5-8C2A-41EA-8A57-0BBCDA3E616B}.Debug|x64.Build.0 = Debug|Any CPU
		{59E1F3E5-8C2A-41EA-8A57-0BBCDA3E616B}.Debug|x86.ActiveCfg = Debug|Any CPU
		{59E1F3E5-8C2A-41EA-8A57-0BBCDA3E616B}.Debug|x86.Build.0 = Debug|Any CPU
		{59E1F3E5-8C2A-41EA-8A57-0BBCDA3E616B}.Release|Any CPU.ActiveCfg = Release|Any CPU
		{59E1F3E5-8C2A-41EA-8A57-0BBCDA3E616B}.Release|Any CPU.Build.0 = Release|Any CPU
		{59E1F3E5-8C2A-41EA-8A57-0BBCDA3E616B}.Release|x64.ActiveCfg = Release|Any CPU
		{59E1F3E5-8C2A-41EA-8A57-0BBCDA3E616B}.Release|x64.Build.0 = Release|Any CPU
		{59E1F3E5-8C2A-41EA-8A57-0BBCDA3E616B}.Release|x86.ActiveCfg = Release|Any CPU
		{59E1F3E5-8C2A-41EA-8A57-0BBCDA3E616B}.Release|x86.Build.0 = Release|Any CPU
		{BF567ECC-7606-4A39-AD71-03B55818249F}.Debug|Any CPU.ActiveCfg = Debug|Any CPU
		{BF567ECC-7606-4A39-AD71-03B55818249F}.Debug|Any CPU.Build.0 = Debug|Any CPU
		{BF567ECC-7606-4A39-AD71-03B55818249F}.Debug|x64.ActiveCfg = Debug|Any CPU
		{BF567ECC-7606-4A39-AD71-03B55818249F}.Debug|x64.Build.0 = Debug|Any CPU
		{BF567ECC-7606-4A39-AD71-03B55818249F}.Debug|x86.ActiveCfg = Debug|Any CPU
		{BF567ECC-7606-4A39-AD71-03B55818249F}.Debug|x86.Build.0 = Debug|Any CPU
		{BF567ECC-7606-4A39-AD71-03B55818249F}.Release|Any CPU.ActiveCfg = Release|Any CPU
		{BF567ECC-7606-4A39-AD71-03B55818249F}.Release|Any CPU.Build.0 = Release|Any CPU
		{BF567ECC-7606-4A39-AD71-03B55818249F}.Release|x64.ActiveCfg = Release|Any CPU
		{BF567ECC-7606-4A39-AD71-03B55818249F}.Release|x64.Build.0 = Release|Any CPU
		{BF567ECC-7606-4A39-AD71-03B55818249F}.Release|x86.ActiveCfg = Release|Any CPU
		{BF567ECC-7606-4A39-AD71-03B55818249F}.Release|x86.Build.0 = Release|Any CPU
		{72E5C233-1499-4EEE-9C9C-340B17EFCC44}.Debug|Any CPU.ActiveCfg = Debug|Any CPU
		{72E5C233-1499-4EEE-9C9C-340B17EFCC44}.Debug|Any CPU.Build.0 = Debug|Any CPU
		{72E5C233-1499-4EEE-9C9C-340B17EFCC44}.Debug|x64.ActiveCfg = Debug|Any CPU
		{72E5C233-1499-4EEE-9C9C-340B17EFCC44}.Debug|x64.Build.0 = Debug|Any CPU
		{72E5C233-1499-4EEE-9C9C-340B17EFCC44}.Debug|x86.ActiveCfg = Debug|Any CPU
		{72E5C233-1499-4EEE-9C9C-340B17EFCC44}.Debug|x86.Build.0 = Debug|Any CPU
		{72E5C233-1499-4EEE-9C9C-340B17EFCC44}.Release|Any CPU.ActiveCfg = Release|Any CPU
		{72E5C233-1499-4EEE-9C9C-340B17EFCC44}.Release|Any CPU.Build.0 = Release|Any CPU
		{72E5C233-1499-4EEE-9C9C-340B17EFCC44}.Release|x64.ActiveCfg = Release|Any CPU
		{72E5C233-1499-4EEE-9C9C-340B17EFCC44}.Release|x64.Build.0 = Release|Any CPU
		{72E5C233-1499-4EEE-9C9C-340B17EFCC44}.Release|x86.ActiveCfg = Release|Any CPU
		{72E5C233-1499-4EEE-9C9C-340B17EFCC44}.Release|x86.Build.0 = Release|Any CPU
		{75D833A1-3E9B-499D-B43B-C15913AA8F85}.Debug|Any CPU.ActiveCfg = Debug|Any CPU
		{75D833A1-3E9B-499D-B43B-C15913AA8F85}.Debug|Any CPU.Build.0 = Debug|Any CPU
		{75D833A1-3E9B-499D-B43B-C15913AA8F85}.Debug|x64.ActiveCfg = Debug|Any CPU
		{75D833A1-3E9B-499D-B43B-C15913AA8F85}.Debug|x64.Build.0 = Debug|Any CPU
		{75D833A1-3E9B-499D-B43B-C15913AA8F85}.Debug|x86.ActiveCfg = Debug|Any CPU
		{75D833A1-3E9B-499D-B43B-C15913AA8F85}.Debug|x86.Build.0 = Debug|Any CPU
		{75D833A1-3E9B-499D-B43B-C15913AA8F85}.Release|Any CPU.ActiveCfg = Release|Any CPU
		{75D833A1-3E9B-499D-B43B-C15913AA8F85}.Release|Any CPU.Build.0 = Release|Any CPU
		{75D833A1-3E9B-499D-B43B-C15913AA8F85}.Release|x64.ActiveCfg = Release|Any CPU
		{75D833A1-3E9B-499D-B43B-C15913AA8F85}.Release|x64.Build.0 = Release|Any CPU
		{75D833A1-3E9B-499D-B43B-C15913AA8F85}.Release|x86.ActiveCfg = Release|Any CPU
		{75D833A1-3E9B-499D-B43B-C15913AA8F85}.Release|x86.Build.0 = Release|Any CPU
		{5322A243-964C-4477-A4C3-113BFD84539B}.Debug|Any CPU.ActiveCfg = Debug|Any CPU
		{5322A243-964C-4477-A4C3-113BFD84539B}.Debug|Any CPU.Build.0 = Debug|Any CPU
		{5322A243-964C-4477-A4C3-113BFD84539B}.Debug|x64.ActiveCfg = Debug|Any CPU
		{5322A243-964C-4477-A4C3-113BFD84539B}.Debug|x64.Build.0 = Debug|Any CPU
		{5322A243-964C-4477-A4C3-113BFD84539B}.Debug|x86.ActiveCfg = Debug|Any CPU
		{5322A243-964C-4477-A4C3-113BFD84539B}.Debug|x86.Build.0 = Debug|Any CPU
		{5322A243-964C-4477-A4C3-113BFD84539B}.Release|Any CPU.ActiveCfg = Release|Any CPU
		{5322A243-964C-4477-A4C3-113BFD84539B}.Release|Any CPU.Build.0 = Release|Any CPU
		{5322A243-964C-4477-A4C3-113BFD84539B}.Release|x64.ActiveCfg = Release|Any CPU
		{5322A243-964C-4477-A4C3-113BFD84539B}.Release|x64.Build.0 = Release|Any CPU
		{5322A243-964C-4477-A4C3-113BFD84539B}.Release|x86.ActiveCfg = Release|Any CPU
		{5322A243-964C-4477-A4C3-113BFD84539B}.Release|x86.Build.0 = Release|Any CPU
		{2FC3F40C-0C90-4EEC-B788-79BB4C59B842}.Debug|Any CPU.ActiveCfg = Debug|Any CPU
		{2FC3F40C-0C90-4EEC-B788-79BB4C59B842}.Debug|Any CPU.Build.0 = Debug|Any CPU
		{2FC3F40C-0C90-4EEC-B788-79BB4C59B842}.Debug|x64.ActiveCfg = Debug|Any CPU
		{2FC3F40C-0C90-4EEC-B788-79BB4C59B842}.Debug|x64.Build.0 = Debug|Any CPU
		{2FC3F40C-0C90-4EEC-B788-79BB4C59B842}.Debug|x86.ActiveCfg = Debug|Any CPU
		{2FC3F40C-0C90-4EEC-B788-79BB4C59B842}.Debug|x86.Build.0 = Debug|Any CPU
		{2FC3F40C-0C90-4EEC-B788-79BB4C59B842}.Release|Any CPU.ActiveCfg = Release|Any CPU
		{2FC3F40C-0C90-4EEC-B788-79BB4C59B842}.Release|Any CPU.Build.0 = Release|Any CPU
		{2FC3F40C-0C90-4EEC-B788-79BB4C59B842}.Release|x64.ActiveCfg = Release|Any CPU
		{2FC3F40C-0C90-4EEC-B788-79BB4C59B842}.Release|x64.Build.0 = Release|Any CPU
		{2FC3F40C-0C90-4EEC-B788-79BB4C59B842}.Release|x86.ActiveCfg = Release|Any CPU
		{2FC3F40C-0C90-4EEC-B788-79BB4C59B842}.Release|x86.Build.0 = Release|Any CPU
		{A18003B9-80F9-43DA-AD3E-3F4B20205499}.Debug|Any CPU.ActiveCfg = Debug|Any CPU
		{A18003B9-80F9-43DA-AD3E-3F4B20205499}.Debug|Any CPU.Build.0 = Debug|Any CPU
		{A18003B9-80F9-43DA-AD3E-3F4B20205499}.Debug|x64.ActiveCfg = Debug|Any CPU
		{A18003B9-80F9-43DA-AD3E-3F4B20205499}.Debug|x64.Build.0 = Debug|Any CPU
		{A18003B9-80F9-43DA-AD3E-3F4B20205499}.Debug|x86.ActiveCfg = Debug|Any CPU
		{A18003B9-80F9-43DA-AD3E-3F4B20205499}.Debug|x86.Build.0 = Debug|Any CPU
		{A18003B9-80F9-43DA-AD3E-3F4B20205499}.Release|Any CPU.ActiveCfg = Release|Any CPU
		{A18003B9-80F9-43DA-AD3E-3F4B20205499}.Release|Any CPU.Build.0 = Release|Any CPU
		{A18003B9-80F9-43DA-AD3E-3F4B20205499}.Release|x64.ActiveCfg = Release|Any CPU
		{A18003B9-80F9-43DA-AD3E-3F4B20205499}.Release|x64.Build.0 = Release|Any CPU
		{A18003B9-80F9-43DA-AD3E-3F4B20205499}.Release|x86.ActiveCfg = Release|Any CPU
		{A18003B9-80F9-43DA-AD3E-3F4B20205499}.Release|x86.Build.0 = Release|Any CPU
		{AA17BA62-5E54-4BC8-B005-4D9E516B6989}.Debug|Any CPU.ActiveCfg = Debug|Any CPU
		{AA17BA62-5E54-4BC8-B005-4D9E516B6989}.Debug|Any CPU.Build.0 = Debug|Any CPU
		{AA17BA62-5E54-4BC8-B005-4D9E516B6989}.Debug|x64.ActiveCfg = Debug|Any CPU
		{AA17BA62-5E54-4BC8-B005-4D9E516B6989}.Debug|x64.Build.0 = Debug|Any CPU
		{AA17BA62-5E54-4BC8-B005-4D9E516B6989}.Debug|x86.ActiveCfg = Debug|Any CPU
		{AA17BA62-5E54-4BC8-B005-4D9E516B6989}.Debug|x86.Build.0 = Debug|Any CPU
		{AA17BA62-5E54-4BC8-B005-4D9E516B6989}.Release|Any CPU.ActiveCfg = Release|Any CPU
		{AA17BA62-5E54-4BC8-B005-4D9E516B6989}.Release|Any CPU.Build.0 = Release|Any CPU
		{AA17BA62-5E54-4BC8-B005-4D9E516B6989}.Release|x64.ActiveCfg = Release|Any CPU
		{AA17BA62-5E54-4BC8-B005-4D9E516B6989}.Release|x64.Build.0 = Release|Any CPU
		{AA17BA62-5E54-4BC8-B005-4D9E516B6989}.Release|x86.ActiveCfg = Release|Any CPU
		{AA17BA62-5E54-4BC8-B005-4D9E516B6989}.Release|x86.Build.0 = Release|Any CPU
	EndGlobalSection
	GlobalSection(SolutionProperties) = preSolution
		HideSolutionNode = FALSE
	EndGlobalSection
	GlobalSection(NestedProjects) = preSolution
		{59E1F3E5-8C2A-41EA-8A57-0BBCDA3E616B} = {827E0CD3-B72D-47B6-A68D-7590B98EB39B}
		{BF567ECC-7606-4A39-AD71-03B55818249F} = {827E0CD3-B72D-47B6-A68D-7590B98EB39B}
		{72E5C233-1499-4EEE-9C9C-340B17EFCC44} = {827E0CD3-B72D-47B6-A68D-7590B98EB39B}
		{75D833A1-3E9B-499D-B43B-C15913AA8F85} = {827E0CD3-B72D-47B6-A68D-7590B98EB39B}
		{5322A243-964C-4477-A4C3-113BFD84539B} = {827E0CD3-B72D-47B6-A68D-7590B98EB39B}
		{2FC3F40C-0C90-4EEC-B788-79BB4C59B842} = {827E0CD3-B72D-47B6-A68D-7590B98EB39B}
		{A18003B9-80F9-43DA-AD3E-3F4B20205499} = {827E0CD3-B72D-47B6-A68D-7590B98EB39B}
		{AA17BA62-5E54-4BC8-B005-4D9E516B6989} = {827E0CD3-B72D-47B6-A68D-7590B98EB39B}
	EndGlobalSection
	GlobalSection(ExtensibilityGlobals) = postSolution
		SolutionGuid = {F2BC7EFE-7EB2-4D0C-A4FE-ADACAC517145}
	EndGlobalSection
EndGlobal
